{
  "version": 4,
  "terraform_version": "1.0.8",
  "serial": 7,
  "lineage": "30cc3ba9-717f-68a6-8803-28622ebfdf86",
  "outputs": {},
  "resources": [
    {
      "mode": "managed",
      "type": "aws_vpc",
      "name": "test_vpc",
      "provider": "provider[\"registry.terraform.io/hashicorp/aws\"]",
      "instances": [
        {
          "schema_version": 1,
          "attributes": {
            "arn": "arn:aws:ec2:ap-northeast-2:806117842904:vpc/vpc-07984c3dfed7a0e79",
            "assign_generated_ipv6_cidr_block": false,
            "cidr_block": "10.0.0.0/16",
            "default_network_acl_id": "acl-0282e259143e84155",
            "default_route_table_id": "rtb-014e81bede8ff8658",
            "default_security_group_id": "sg-0a7993d089f86455e",
            "dhcp_options_id": "dopt-f722609c",
            "enable_classiclink": null,
            "enable_classiclink_dns_support": null,
            "enable_dns_hostnames": false,
            "enable_dns_support": true,
            "id": "vpc-07984c3dfed7a0e79",
            "instance_tenancy": "default",
            "ipv6_association_id": "",
            "ipv6_cidr_block": "",
            "main_route_table_id": "rtb-014e81bede8ff8658",
            "owner_id": "806117842904",
            "tags": {
              "Name": "test-vpc"
            },
            "tags_all": {
              "Name": "test-vpc"
            }
          },
          "sensitive_attributes": [],
          "private": "eyJzY2hlbWFfdmVyc2lvbiI6IjEifQ=="
        }
      ]
    }
  ]
}
